
Microsoft Visual Studio Solution File, Format Version 12.00
# Visual Studio Version 17
VisualStudioVersion = 17.14.36811.4 d17.14
MinimumVisualStudioVersion = 10.0.40219.1
Project("{FAE04EC0-301F-11D3-BF4B-00C04F79EFBC}") = "FiguresFactoryLab", "FiguresFactoryLab.csproj", "{CFD182BE-73CF-46A4-9FF8-583BFDF0DD81}"
EndProject
Global
	GlobalSection(SolutionConfigurationPlatforms) = preSolution
		Debug|Any CPU = Debug|Any CPU
		Release|Any CPU = Release|Any CPU
	EndGlobalSection
	GlobalSection(ProjectConfigurationPlatforms) = postSolution
		{CFD182BE-73CF-46A4-9FF8-583BFDF0DD81}.Debug|Any CPU.ActiveCfg = Debug|Any CPU
		{CFD182BE-73CF-46A4-9FF8-583BFDF0DD81}.Debug|Any CPU.Build.0 = Debug|Any CPU
		{CFD182BE-73CF-46A4-9FF8-583BFDF0DD81}.Release|Any CPU.ActiveCfg = Release|Any CPU
		{CFD182BE-73CF-46A4-9FF8-583BFDF0DD81}.Release|Any CPU.Build.0 = Release|Any CPU
	EndGlobalSection
	GlobalSection(SolutionProperties) = preSolution
		HideSolutionNode = FALSE
	EndGlobalSection
	GlobalSection(ExtensibilityGlobals) = postSolution
		SolutionGuid = {EB53652F-1459-427C-AD5F-9632967381FB}
	EndGlobalSection
EndGlobal
